# This file is automatically @generated by Cargo.
# It is not intended for manual editing.
[[package]]
name = "async-profiling"
version = "0.1.0"
dependencies = [
 "scrypt",
 "tokio",
]

[[package]]
name = "autocfg"
version = "1.0.1"
source = "registry+https://github.com/rust-lang/crates.io-index"
checksum = "cdb031dd78e28731d87d56cc8ffef4a8f36ca26c38fe2de700543e627f8a464a"

[[package]]
name = "block-buffer"
version = "0.9.0"
source = "registry+https://github.com/rust-lang/crates.io-index"
checksum = "4152116fd6e9dadb291ae18fc1ec3575ed6d84c29642d97890f4b4a3417297e4"
dependencies = [
 "generic-array",
]

[[package]]
name = "cfg-if"
version = "1.0.0"
source = "registry+https://github.com/rust-lang/crates.io-index"
checksum = "baf1de4339761588bc0619e3cbc0120ee582ebb74b53b4efbf79117bd2da40fd"

[[package]]
name = "cipher"
version = "0.2.5"
source = "registry+https://github.com/rust-lang/crates.io-index"
checksum = "12f8e7987cbd042a63249497f41aed09f8e65add917ea6566effbc56578d6801"
dependencies = [
 "generic-array",
]

[[package]]
name = "cpuid-bool"
version = "0.1.2"
source = "registry+https://github.com/rust-lang/crates.io-index"
checksum = "8aebca1129a03dc6dc2b127edd729435bbc4a37e1d5f4d7513165089ceb02634"

[[package]]
name = "crypto-mac"
version = "0.10.0"
source = "registry+https://github.com/rust-lang/crates.io-index"
checksum = "4857fd85a0c34b3c3297875b747c1e02e06b6a0ea32dd892d8192b9ce0813ea6"
dependencies = [
 "generic-array",
 "subtle",
]

[[package]]
name = "digest"
version = "0.9.0"
source = "registry+https://github.com/rust-lang/crates.io-index"
checksum = "d3dd60d1080a57a05ab032377049e0591415d2b31afd7028356dbf3cc6dcb066"
dependencies = [
 "generic-array",
]

[[package]]
name = "generic-array"
version = "0.14.4"
source = "registry+https://github.com/rust-lang/crates.io-index"
checksum = "501466ecc8a30d1d3b7fc9229b122b2ce8ed6e9d9223f1138d4babb253e51817"
dependencies = [
 "typenum",
 "version_check",
]

[[package]]
name = "hermit-abi"
version = "0.1.18"
source = "registry+https://github.com/rust-lang/crates.io-index"
checksum = "322f4de77956e22ed0e5032c359a0f1273f1f7f0d79bfa3b8ffbc730d7fbcc5c"
dependencies = [
 "libc",
]

[[package]]
name = "hmac"
version = "0.10.1"
source = "registry+https://github.com/rust-lang/crates.io-index"
checksum = "c1441c6b1e930e2817404b5046f1f989899143a12bf92de603b69f4e0aee1e15"
dependencies = [
 "crypto-mac",
 "digest",
]

[[package]]
name = "libc"
version = "0.2.90"
source = "registry+https://github.com/rust-lang/crates.io-index"
checksum = "ba4aede83fc3617411dc6993bc8c70919750c1c257c6ca6a502aed6e0e2394ae"

[[package]]
name = "num_cpus"
version = "1.13.0"
source = "registry+https://github.com/rust-lang/crates.io-index"
checksum = "05499f3756671c15885fee9034446956fff3f243d6077b91e5767df161f766b3"
dependencies = [
 "hermit-abi",
 "libc",
]

[[package]]
name = "opaque-debug"
version = "0.3.0"
source = "registry+https://github.com/rust-lang/crates.io-index"
checksum = "624a8340c38c1b80fd549087862da4ba43e08858af025b236e509b6649fc13d5"

[[package]]
name = "pbkdf2"
version = "0.7.4"
source = "registry+https://github.com/rust-lang/crates.io-index"
checksum = "297e1dad0e9de7af53235b833761351bf6bda57d6acb4f263b61a2ddf674f1dc"
dependencies = [
 "crypto-mac",
]

[[package]]
name = "pin-project-lite"
version = "0.2.6"
source = "registry+https://github.com/rust-lang/crates.io-index"
checksum = "dc0e1f259c92177c30a4c9d177246edd0a3568b25756a977d0632cf8fa37e905"

[[package]]
name = "proc-macro2"
version = "1.0.24"
source = "registry+https://github.com/rust-lang/crates.io-index"
checksum = "1e0704ee1a7e00d7bb417d0770ea303c1bccbabf0ef1667dae92b5967f5f8a71"
dependencies = [
 "unicode-xid",
]

[[package]]
name = "quote"
version = "1.0.9"
source = "registry+https://github.com/rust-lang/crates.io-index"
checksum = "c3d0b9745dc2debf507c8422de05d7226cc1f0644216dfdfead988f9b1ab32a7"
dependencies = [
 "proc-macro2",
]

[[package]]
name = "salsa20"
version = "0.7.2"
source = "registry+https://github.com/rust-lang/crates.io-index"
checksum = "399f290ffc409596022fce5ea5d4138184be4784f2b28c62c59f0d8389059a15"
dependencies = [
 "cipher",
]

[[package]]
name = "scrypt"
version = "0.6.4"
source = "registry+https://github.com/rust-lang/crates.io-index"
checksum = "25cba843abb27147110e2e9aa82b3be81eb386a9c6e3b35504c8c2ee305fd643"
dependencies = [
 "hmac",
 "pbkdf2",
 "salsa20",
 "sha2",
]

[[package]]
name = "sha2"
version = "0.9.3"
source = "registry+https://github.com/rust-lang/crates.io-index"
checksum = "fa827a14b29ab7f44778d14a88d3cb76e949c45083f7dbfa507d0cb699dc12de"
dependencies = [
 "block-buffer",
 "cfg-if",
 "cpuid-bool",
 "digest",
 "opaque-debug",
]

[[package]]
name = "subtle"
version = "2.4.0"
source = "registry+https://github.com/rust-lang/crates.io-index"
checksum = "1e81da0851ada1f3e9d4312c704aa4f8806f0f9d69faaf8df2f3464b4a9437c2"

[[package]]
name = "syn"
version = "1.0.64"
source = "registry+https://github.com/rust-lang/crates.io-index"
checksum = "3fd9d1e9976102a03c542daa2eff1b43f9d72306342f3f8b3ed5fb8908195d6f"
dependencies = [
 "proc-macro2",
 "quote",
 "unicode-xid",
]

[[package]]
name = "tokio"
version = "1.4.0"
source = "registry+https://github.com/rust-lang/crates.io-index"
checksum = "134af885d758d645f0f0505c9a8b3f9bf8a348fd822e112ab5248138348f1722"
dependencies = [
 "autocfg",
 "num_cpus",
 "pin-project-lite",
 "tokio-macros",
]

[[package]]
name = "tokio-macros"
version = "1.1.0"
source = "registry+https://github.com/rust-lang/crates.io-index"
checksum = "caf7b11a536f46a809a8a9f0bb4237020f70ecbf115b842360afb127ea2fda57"
dependencies = [
 "proc-macro2",
 "quote",
 "syn",
]

[[package]]
name = "typenum"
version = "1.13.0"
source = "registry+https://github.com/rust-lang/crates.io-index"
checksum = "879f6906492a7cd215bfa4cf595b600146ccfac0c79bcbd1f3000162af5e8b06"

[[package]]
name = "unicode-xid"
version = "0.2.1"
source = "registry+https://github.com/rust-lang/crates.io-index"
checksum = "f7fe0bb3479651439c9112f72b6c505038574c9fbb575ed1bf3b797fa39dd564"

[[package]]
name = "version_check"
version = "0.9.3"
source = "registry+https://github.com/rust-lang/crates.io-index"
checksum = "5fecdca9a5291cc2b8dcf7dc02453fee791a280f3743cb0905f8822ae463b3fe"
